
Microsoft Visual Studio Solution File, Format Version 12.00
# Visual Studio Version 16
VisualStudioVersion = 16.0.31105.61
MinimumVisualStudioVersion = 10.0.40219.1
Project("{FAE04EC0-301F-11D3-BF4B-00C04F79EFBC}") = "RockPaperScissorLizardSpock", "RockPaperScissorLizardSpock.csproj", "{30D39072-C800-4882-9CE3-3ADF47EBF986}"
EndProject
Global
	GlobalSection(SolutionConfigurationPlatforms) = preSolution
		Debug|Any CPU = Debug|Any CPU
		Release|Any CPU = Release|Any CPU
	EndGlobalSection
	GlobalSection(ProjectConfigurationPlatforms) = postSolution
		{30D39072-C800-4882-9CE3-3ADF47EBF986}.Debug|Any CPU.ActiveCfg = Debug|Any CPU
		{30D39072-C800-4882-9CE3-3ADF47EBF986}.Debug|Any CPU.Build.0 = Debug|Any CPU
		{30D39072-C800-4882-9CE3-3ADF47EBF986}.Release|Any CPU.ActiveCfg = Release|Any CPU
		{30D39072-C800-4882-9CE3-3ADF47EBF986}.Release|Any CPU.Build.0 = Release|Any CPU
	EndGlobalSection
	GlobalSection(SolutionProperties) = preSolution
		HideSolutionNode = FALSE
	EndGlobalSection
	GlobalSection(ExtensibilityGlobals) = postSolution
		SolutionGuid = {2982E003-7F76-4B1D-89F8-5123D2275CCB}
	EndGlobalSection
EndGlobal
